
Microsoft Visual Studio Solution File, Format Version 12.00
# Visual Studio Version 16
VisualStudioVersion = 16.0.31105.61
MinimumVisualStudioVersion = 10.0.40219.1
Project("{FAE04EC0-301F-11D3-BF4B-00C04F79EFBC}") = "SqlClient.SniShadowCopy", "SqlClient.SniShadowCopy\SqlClient.SniShadowCopy.csproj", "{D8279D65-10D1-4DAC-9170-1A938D9A5C43}"
EndProject
Global
	GlobalSection(SolutionConfigurationPlatforms) = preSolution
		Debug|Any CPU = Debug|Any CPU
		Release|Any CPU = Release|Any CPU
	EndGlobalSection
	GlobalSection(ProjectConfigurationPlatforms) = postSolution
		{D8279D65-10D1-4DAC-9170-1A938D9A5C43}.Debug|Any CPU.ActiveCfg = Debug|Any CPU
		{D8279D65-10D1-4DAC-9170-1A938D9A5C43}.Debug|Any CPU.Build.0 = Debug|Any CPU
		{D8279D65-10D1-4DAC-9170-1A938D9A5C43}.Release|Any CPU.ActiveCfg = Release|Any CPU
		{D8279D65-10D1-4DAC-9170-1A938D9A5C43}.Release|Any CPU.Build.0 = Release|Any CPU
	EndGlobalSection
	GlobalSection(SolutionProperties) = preSolution
		HideSolutionNode = FALSE
	EndGlobalSection
	GlobalSection(ExtensibilityGlobals) = postSolution
		SolutionGuid = {4775A189-E1C9-4B0E-9371-E73CC8D8DBF8}
	EndGlobalSection
EndGlobal
